// !$*UTF8*$!
{
	archiveVersion = 1;
	classes = {
	};
	objectVersion = 50;
	objects = {

/* Begin PBXBuildFile section */
		93765F9821F7693600CC6BA4 /* main.cpp in Sources */ = {isa = PBXBuildFile; fileRef = 93765F9721F7693600CC6BA4 /* main.cpp */; };
		93765FA321F76B7B00CC6BA4 /* SDL2_net.framework in Frameworks */ = {isa = PBXBuildFile; fileRef = 93765F9E21F76B7B00CC6BA4 /* SDL2_net.framework */; };
		93765FA421F76B7B00CC6BA4 /* SDL2_mixer.framework in Frameworks */ = {isa = PBXBuildFile; fileRef = 93765F9F21F76B7B00CC6BA4 /* SDL2_mixer.framework */; };
		93765FA521F76B7B00CC6BA4 /* SDL2_ttf.framework in Frameworks */ = {isa = PBXBuildFile; fileRef = 93765FA021F76B7B00CC6BA4 /* SDL2_ttf.framework */; };
		93765FA621F76B7B00CC6BA4 /* SDL2.framework in Frameworks */ = {isa = PBXBuildFile; fileRef = 93765FA121F76B7B00CC6BA4 /* SDL2.framework */; };
		93765FA721F76B7B00CC6BA4 /* SDL2_image.framework in Frameworks */ = {isa = PBXBuildFile; fileRef = 93765FA221F76B7B00CC6BA4 /* SDL2_image.framework */; };
		93765FA821F76B8600CC6BA4 /* SDL2_image.framework in CopyFiles */ = {isa = PBXBuildFile; fileRef = 93765FA221F76B7B00CC6BA4 /* SDL2_image.framework */; };
		93765FA921F76B8600CC6BA4 /* SDL2_mixer.framework in CopyFiles */ = {isa = PBXBuildFile; fileRef = 93765F9F21F76B7B00CC6BA4 /* SDL2_mixer.framework */; };
		93765FAA21F76B8600CC6BA4 /* SDL2_net.framework in CopyFiles */ = {isa = PBXBuildFile; fileRef = 93765F9E21F76B7B00CC6BA4 /* SDL2_net.framework */; };
		93765FAB21F76B8600CC6BA4 /* SDL2_ttf.framework in CopyFiles */ = {isa = PBXBuildFile; fileRef = 93765FA021F76B7B00CC6BA4 /* SDL2_ttf.framework */; };
		93765FAC21F76B8600CC6BA4 /* SDL2.framework in CopyFiles */ = {isa = PBXBuildFile; fileRef = 93765FA121F76B7B00CC6BA4 /* SDL2.framework */; };
		93765FB221F76DD400CC6BA4 /* Window.cpp in Sources */ = {isa = PBXBuildFile; fileRef = 93765FB021F76DD400CC6BA4 /* Window.cpp */; };
		93765FBC21F76EB300CC6BA4 /* glew.c in Sources */ = {isa = PBXBuildFile; fileRef = 93765FB621F76EB300CC6BA4 /* glew.c */; settings = {COMPILER_FLAGS = "-w"; }; };
		93765FBF21F7723C00CC6BA4 /* OpenGL.framework in Frameworks */ = {isa = PBXBuildFile; fileRef = 93765FBE21F7723C00CC6BA4 /* OpenGL.framework */; };
		93765FC221F774DF00CC6BA4 /* Renderer.cpp in Sources */ = {isa = PBXBuildFile; fileRef = 93765FC021F774DF00CC6BA4 /* Renderer.cpp */; };
		93765FC621F7750600CC6BA4 /* Box.cpp in Sources */ = {isa = PBXBuildFile; fileRef = 93765FC421F7750600CC6BA4 /* Box.cpp */; };
		93765FC921F77A9800CC6BA4 /* Shader.cpp in Sources */ = {isa = PBXBuildFile; fileRef = 93765FC721F77A9800CC6BA4 /* Shader.cpp */; };
		93765FCD21F77B2400CC6BA4 /* FileReader.cpp in Sources */ = {isa = PBXBuildFile; fileRef = 93765FCB21F77B2400CC6BA4 /* FileReader.cpp */; };
		93765FCF21F77D1200CC6BA4 /* assets in CopyFiles */ = {isa = PBXBuildFile; fileRef = 93765FCE21F77D0B00CC6BA4 /* assets */; };
		93765FD321F8848600CC6BA4 /* Cube.cpp in Sources */ = {isa = PBXBuildFile; fileRef = 93765FD121F8848600CC6BA4 /* Cube.cpp */; };
		93765FD621F8A84B00CC6BA4 /* Texture.cpp in Sources */ = {isa = PBXBuildFile; fileRef = 93765FD421F8A84B00CC6BA4 /* Texture.cpp */; };
/* End PBXBuildFile section */

/* Begin PBXCopyFilesBuildPhase section */
		93765F9221F7693600CC6BA4 /* CopyFiles */ = {
			isa = PBXCopyFilesBuildPhase;
			buildActionMask = 12;
			dstPath = "";
			dstSubfolderSpec = 16;
			files = (
				93765FCF21F77D1200CC6BA4 /* assets in CopyFiles */,
				93765FA821F76B8600CC6BA4 /* SDL2_image.framework in CopyFiles */,
				93765FA921F76B8600CC6BA4 /* SDL2_mixer.framework in CopyFiles */,
				93765FAA21F76B8600CC6BA4 /* SDL2_net.framework in CopyFiles */,
				93765FAB21F76B8600CC6BA4 /* SDL2_ttf.framework in CopyFiles */,
				93765FAC21F76B8600CC6BA4 /* SDL2.framework in CopyFiles */,
			);
			runOnlyForDeploymentPostprocessing = 0;
		};
/* End PBXCopyFilesBuildPhase section */

/* Begin PBXFileReference section */
		93765F9421F7693600CC6BA4 /* Dimension++ */ = {isa = PBXFileReference; explicitFileType = "compiled.mach-o.executable"; includeInIndex = 0; path = "Dimension++"; sourceTree = BUILT_PRODUCTS_DIR; };
		93765F9721F7693600CC6BA4 /* main.cpp */ = {isa = PBXFileReference; lastKnownFileType = sourcecode.cpp.cpp; path = main.cpp; sourceTree = "<group>"; };
		93765F9E21F76B7B00CC6BA4 /* SDL2_net.framework */ = {isa = PBXFileReference; lastKnownFileType = wrapper.framework; name = SDL2_net.framework; path = ../SDL2_net.framework; sourceTree = "<group>"; };
		93765F9F21F76B7B00CC6BA4 /* SDL2_mixer.framework */ = {isa = PBXFileReference; lastKnownFileType = wrapper.framework; name = SDL2_mixer.framework; path = ../SDL2_mixer.framework; sourceTree = "<group>"; };
		93765FA021F76B7B00CC6BA4 /* SDL2_ttf.framework */ = {isa = PBXFileReference; lastKnownFileType = wrapper.framework; name = SDL2_ttf.framework; path = ../SDL2_ttf.framework; sourceTree = "<group>"; };
		93765FA121F76B7B00CC6BA4 /* SDL2.framework */ = {isa = PBXFileReference; lastKnownFileType = wrapper.framework; name = SDL2.framework; path = ../SDL2.framework; sourceTree = "<group>"; };
		93765FA221F76B7B00CC6BA4 /* SDL2_image.framework */ = {isa = PBXFileReference; lastKnownFileType = wrapper.framework; name = SDL2_image.framework; path = ../SDL2_image.framework; sourceTree = "<group>"; };
		93765FAF21F76CA900CC6BA4 /* GameConfig.h */ = {isa = PBXFileReference; lastKnownFileType = sourcecode.c.h; path = GameConfig.h; sourceTree = "<group>"; };
		93765FB021F76DD400CC6BA4 /* Window.cpp */ = {isa = PBXFileReference; lastKnownFileType = sourcecode.cpp.cpp; path = Window.cpp; sourceTree = "<group>"; };
		93765FB121F76DD400CC6BA4 /* Window.hpp */ = {isa = PBXFileReference; lastKnownFileType = sourcecode.cpp.h; path = Window.hpp; sourceTree = "<group>"; };
		93765FB621F76EB300CC6BA4 /* glew.c */ = {isa = PBXFileReference; fileEncoding = 4; lastKnownFileType = sourcecode.c.c; path = glew.c; sourceTree = "<group>"; };
		93765FB821F76EB300CC6BA4 /* glxew.h */ = {isa = PBXFileReference; fileEncoding = 4; lastKnownFileType = sourcecode.c.h; path = glxew.h; sourceTree = "<group>"; };
		93765FB921F76EB300CC6BA4 /* eglew.h */ = {isa = PBXFileReference; fileEncoding = 4; lastKnownFileType = sourcecode.c.h; path = eglew.h; sourceTree = "<group>"; };
		93765FBA21F76EB300CC6BA4 /* wglew.h */ = {isa = PBXFileReference; fileEncoding = 4; lastKnownFileType = sourcecode.c.h; path = wglew.h; sourceTree = "<group>"; };
		93765FBB21F76EB300CC6BA4 /* glew.h */ = {isa = PBXFileReference; fileEncoding = 4; lastKnownFileType = sourcecode.c.h; path = glew.h; sourceTree = "<group>"; };
		93765FBE21F7723C00CC6BA4 /* OpenGL.framework */ = {isa = PBXFileReference; lastKnownFileType = wrapper.framework; name = OpenGL.framework; path = System/Library/Frameworks/OpenGL.framework; sourceTree = SDKROOT; };
		93765FC021F774DF00CC6BA4 /* Renderer.cpp */ = {isa = PBXFileReference; lastKnownFileType = sourcecode.cpp.cpp; path = Renderer.cpp; sourceTree = "<group>"; };
		93765FC121F774DF00CC6BA4 /* Renderer.hpp */ = {isa = PBXFileReference; lastKnownFileType = sourcecode.cpp.h; path = Renderer.hpp; sourceTree = "<group>"; };
		93765FC421F7750600CC6BA4 /* Box.cpp */ = {isa = PBXFileReference; lastKnownFileType = sourcecode.cpp.cpp; path = Box.cpp; sourceTree = "<group>"; };
		93765FC521F7750600CC6BA4 /* Box.hpp */ = {isa = PBXFileReference; lastKnownFileType = sourcecode.cpp.h; path = Box.hpp; sourceTree = "<group>"; };
		93765FC721F77A9800CC6BA4 /* Shader.cpp */ = {isa = PBXFileReference; lastKnownFileType = sourcecode.cpp.cpp; path = Shader.cpp; sourceTree = "<group>"; };
		93765FC821F77A9800CC6BA4 /* Shader.hpp */ = {isa = PBXFileReference; lastKnownFileType = sourcecode.cpp.h; path = Shader.hpp; sourceTree = "<group>"; };
		93765FCB21F77B2400CC6BA4 /* FileReader.cpp */ = {isa = PBXFileReference; lastKnownFileType = sourcecode.cpp.cpp; path = FileReader.cpp; sourceTree = "<group>"; };
		93765FCC21F77B2400CC6BA4 /* FileReader.hpp */ = {isa = PBXFileReference; lastKnownFileType = sourcecode.cpp.h; path = FileReader.hpp; sourceTree = "<group>"; };
		93765FCE21F77D0B00CC6BA4 /* assets */ = {isa = PBXFileReference; lastKnownFileType = folder; name = assets; path = ../assets; sourceTree = "<group>"; };
		93765FD121F8848600CC6BA4 /* Cube.cpp */ = {isa = PBXFileReference; lastKnownFileType = sourcecode.cpp.cpp; path = Cube.cpp; sourceTree = "<group>"; };
		93765FD221F8848600CC6BA4 /* Cube.hpp */ = {isa = PBXFileReference; lastKnownFileType = sourcecode.cpp.h; path = Cube.hpp; sourceTree = "<group>"; };
		93765FD421F8A84B00CC6BA4 /* Texture.cpp */ = {isa = PBXFileReference; lastKnownFileType = sourcecode.cpp.cpp; path = Texture.cpp; sourceTree = "<group>"; };
		93765FD521F8A84B00CC6BA4 /* Texture.hpp */ = {isa = PBXFileReference; lastKnownFileType = sourcecode.cpp.h; path = Texture.hpp; sourceTree = "<group>"; };
/* End PBXFileReference section */

/* Begin PBXFrameworksBuildPhase section */
		93765F9121F7693600CC6BA4 /* Frameworks */ = {
			isa = PBXFrameworksBuildPhase;
			buildActionMask = 2147483647;
			files = (
				93765FBF21F7723C00CC6BA4 /* OpenGL.framework in Frameworks */,
				93765FA321F76B7B00CC6BA4 /* SDL2_net.framework in Frameworks */,
				93765FA521F76B7B00CC6BA4 /* SDL2_ttf.framework in Frameworks */,
				93765FA421F76B7B00CC6BA4 /* SDL2_mixer.framework in Frameworks */,
				93765FA621F76B7B00CC6BA4 /* SDL2.framework in Frameworks */,
				93765FA721F76B7B00CC6BA4 /* SDL2_image.framework in Frameworks */,
			);
			runOnlyForDeploymentPostprocessing = 0;
		};
/* End PBXFrameworksBuildPhase section */

/* Begin PBXGroup section */
		93765F8B21F7693600CC6BA4 = {
			isa = PBXGroup;
			children = (
				93765FCE21F77D0B00CC6BA4 /* assets */,
				93765FA221F76B7B00CC6BA4 /* SDL2_image.framework */,
				93765F9F21F76B7B00CC6BA4 /* SDL2_mixer.framework */,
				93765F9E21F76B7B00CC6BA4 /* SDL2_net.framework */,
				93765FA021F76B7B00CC6BA4 /* SDL2_ttf.framework */,
				93765FA121F76B7B00CC6BA4 /* SDL2.framework */,
				93765F9621F7693600CC6BA4 /* Dimension++ */,
				93765F9521F7693600CC6BA4 /* Products */,
				93765FBD21F7723C00CC6BA4 /* Frameworks */,
			);
			sourceTree = "<group>";
		};
		93765F9521F7693600CC6BA4 /* Products */ = {
			isa = PBXGroup;
			children = (
				93765F9421F7693600CC6BA4 /* Dimension++ */,
			);
			name = Products;
			sourceTree = "<group>";
		};
		93765F9621F7693600CC6BA4 /* Dimension++ */ = {
			isa = PBXGroup;
			children = (
				93765FD021F8847600CC6BA4 /* test */,
				93765FCA21F77B1900CC6BA4 /* util */,
				93765FB521F76EB300CC6BA4 /* glew */,
				93765FAE21F76C9B00CC6BA4 /* config */,
				93765FAD21F76C8F00CC6BA4 /* graphics */,
				93765F9721F7693600CC6BA4 /* main.cpp */,
			);
			path = "Dimension++";
			sourceTree = "<group>";
		};
		93765FAD21F76C8F00CC6BA4 /* graphics */ = {
			isa = PBXGroup;
			children = (
				93765FC321F774F700CC6BA4 /* objects */,
				93765FB021F76DD400CC6BA4 /* Window.cpp */,
				93765FB121F76DD400CC6BA4 /* Window.hpp */,
				93765FC021F774DF00CC6BA4 /* Renderer.cpp */,
				93765FC121F774DF00CC6BA4 /* Renderer.hpp */,
				93765FC721F77A9800CC6BA4 /* Shader.cpp */,
				93765FC821F77A9800CC6BA4 /* Shader.hpp */,
				93765FD421F8A84B00CC6BA4 /* Texture.cpp */,
				93765FD521F8A84B00CC6BA4 /* Texture.hpp */,
			);
			path = graphics;
			sourceTree = "<group>";
		};
		93765FAE21F76C9B00CC6BA4 /* config */ = {
			isa = PBXGroup;
			children = (
				93765FAF21F76CA900CC6BA4 /* GameConfig.h */,
			);
			path = config;
			sourceTree = "<group>";
		};
		93765FB521F76EB300CC6BA4 /* glew */ = {
			isa = PBXGroup;
			children = (
				93765FB621F76EB300CC6BA4 /* glew.c */,
				93765FB721F76EB300CC6BA4 /* GL */,
			);
			path = glew;
			sourceTree = "<group>";
		};
		93765FB721F76EB300CC6BA4 /* GL */ = {
			isa = PBXGroup;
			children = (
				93765FB821F76EB300CC6BA4 /* glxew.h */,
				93765FB921F76EB300CC6BA4 /* eglew.h */,
				93765FBA21F76EB300CC6BA4 /* wglew.h */,
				93765FBB21F76EB300CC6BA4 /* glew.h */,
			);
			path = GL;
			sourceTree = "<group>";
		};
		93765FBD21F7723C00CC6BA4 /* Frameworks */ = {
			isa = PBXGroup;
			children = (
				93765FBE21F7723C00CC6BA4 /* OpenGL.framework */,
			);
			name = Frameworks;
			sourceTree = "<group>";
		};
		93765FC321F774F700CC6BA4 /* objects */ = {
			isa = PBXGroup;
			children = (
				93765FC421F7750600CC6BA4 /* Box.cpp */,
				93765FC521F7750600CC6BA4 /* Box.hpp */,
			);
			path = objects;
			sourceTree = "<group>";
		};
		93765FCA21F77B1900CC6BA4 /* util */ = {
			isa = PBXGroup;
			children = (
				93765FCB21F77B2400CC6BA4 /* FileReader.cpp */,
				93765FCC21F77B2400CC6BA4 /* FileReader.hpp */,
			);
			path = util;
			sourceTree = "<group>";
		};
		93765FD021F8847600CC6BA4 /* test */ = {
			isa = PBXGroup;
			children = (
				93765FD121F8848600CC6BA4 /* Cube.cpp */,
				93765FD221F8848600CC6BA4 /* Cube.hpp */,
			);
			path = test;
			sourceTree = "<group>";
		};
/* End PBXGroup section */

/* Begin PBXNativeTarget section */
		93765F9321F7693600CC6BA4 /* Dimension++ */ = {
			isa = PBXNativeTarget;
			buildConfigurationList = 93765F9B21F7693600CC6BA4 /* Build configuration list for PBXNativeTarget "Dimension++" */;
			buildPhases = (
				93765F9021F7693600CC6BA4 /* Sources */,
				93765F9121F7693600CC6BA4 /* Frameworks */,
				93765F9221F7693600CC6BA4 /* CopyFiles */,
			);
			buildRules = (
			);
			dependencies = (
			);
			name = "Dimension++";
			productName = "Dimension++";
			productReference = 93765F9421F7693600CC6BA4 /* Dimension++ */;
			productType = "com.apple.product-type.tool";
		};
/* End PBXNativeTarget section */

/* Begin PBXProject section */
		93765F8C21F7693600CC6BA4 /* Project object */ = {
			isa = PBXProject;
			attributes = {
				LastUpgradeCheck = 1010;
				ORGANIZATIONNAME = "Aaron Hodel";
				TargetAttributes = {
					93765F9321F7693600CC6BA4 = {
						CreatedOnToolsVersion = 10.1;
					};
				};
			};
			buildConfigurationList = 93765F8F21F7693600CC6BA4 /* Build configuration list for PBXProject "Dimension++" */;
			compatibilityVersion = "Xcode 9.3";
			developmentRegion = en;
			hasScannedForEncodings = 0;
			knownRegions = (
				en,
			);
			mainGroup = 93765F8B21F7693600CC6BA4;
			productRefGroup = 93765F9521F7693600CC6BA4 /* Products */;
			projectDirPath = "";
			projectRoot = "";
			targets = (
				93765F9321F7693600CC6BA4 /* Dimension++ */,
			);
		};
/* End PBXProject section */

/* Begin PBXSourcesBuildPhase section */
		93765F9021F7693600CC6BA4 /* Sources */ = {
			isa = PBXSourcesBuildPhase;
			buildActionMask = 2147483647;
			files = (
				93765FD321F8848600CC6BA4 /* Cube.cpp in Sources */,
				93765FC221F774DF00CC6BA4 /* Renderer.cpp in Sources */,
				93765F9821F7693600CC6BA4 /* main.cpp in Sources */,
				93765FD621F8A84B00CC6BA4 /* Texture.cpp in Sources */,
				93765FCD21F77B2400CC6BA4 /* FileReader.cpp in Sources */,
				93765FB221F76DD400CC6BA4 /* Window.cpp in Sources */,
				93765FBC21F76EB300CC6BA4 /* glew.c in Sources */,
				93765FC921F77A9800CC6BA4 /* Shader.cpp in Sources */,
				93765FC621F7750600CC6BA4 /* Box.cpp in Sources */,
			);
			runOnlyForDeploymentPostprocessing = 0;
		};
/* End PBXSourcesBuildPhase section */

/* Begin XCBuildConfiguration section */
		93765F9921F7693600CC6BA4 /* Debug */ = {
			isa = XCBuildConfiguration;
			buildSettings = {
				ALWAYS_SEARCH_USER_PATHS = NO;
				CLANG_ANALYZER_NONNULL = YES;
				CLANG_ANALYZER_NUMBER_OBJECT_CONVERSION = YES_AGGRESSIVE;
				CLANG_CXX_LANGUAGE_STANDARD = "gnu++14";
				CLANG_CXX_LIBRARY = "libc++";
				CLANG_ENABLE_MODULES = YES;
				CLANG_ENABLE_OBJC_ARC = YES;
				CLANG_ENABLE_OBJC_WEAK = YES;
				CLANG_WARN_BLOCK_CAPTURE_AUTORELEASING = YES;
				CLANG_WARN_BOOL_CONVERSION = YES;
				CLANG_WARN_COMMA = YES;
				CLANG_WARN_CONSTANT_CONVERSION = YES;
				CLANG_WARN_DEPRECATED_OBJC_IMPLEMENTATIONS = YES;
				CLANG_WARN_DIRECT_OBJC_ISA_USAGE = YES_ERROR;
				CLANG_WARN_DOCUMENTATION_COMMENTS = YES;
				CLANG_WARN_EMPTY_BODY = YES;
				CLANG_WARN_ENUM_CONVERSION = YES;
				CLANG_WARN_INFINITE_RECURSION = YES;
				CLANG_WARN_INT_CONVERSION = YES;
				CLANG_WARN_NON_LITERAL_NULL_CONVERSION = YES;
				CLANG_WARN_OBJC_IMPLICIT_RETAIN_SELF = YES;
				CLANG_WARN_OBJC_LITERAL_CONVERSION = YES;
				CLANG_WARN_OBJC_ROOT_CLASS = YES_ERROR;
				CLANG_WARN_RANGE_LOOP_ANALYSIS = YES;
				CLANG_WARN_STRICT_PROTOTYPES = YES;
				CLANG_WARN_SUSPICIOUS_MOVE = YES;
				CLANG_WARN_UNGUARDED_AVAILABILITY = YES_AGGRESSIVE;
				CLANG_WARN_UNREACHABLE_CODE = YES;
				CLANG_WARN__DUPLICATE_METHOD_MATCH = YES;
				CODE_SIGN_IDENTITY = "Mac Developer";
				COPY_PHASE_STRIP = NO;
				DEBUG_INFORMATION_FORMAT = dwarf;
				ENABLE_STRICT_OBJC_MSGSEND = YES;
				ENABLE_TESTABILITY = YES;
				GCC_C_LANGUAGE_STANDARD = gnu11;
				GCC_DYNAMIC_NO_PIC = NO;
				GCC_NO_COMMON_BLOCKS = YES;
				GCC_OPTIMIZATION_LEVEL = 0;
				GCC_PREPROCESSOR_DEFINITIONS = (
					"DEBUG=1",
					"$(inherited)",
				);
				GCC_WARN_64_TO_32_BIT_CONVERSION = YES;
				GCC_WARN_ABOUT_RETURN_TYPE = YES_ERROR;
				GCC_WARN_UNDECLARED_SELECTOR = YES;
				GCC_WARN_UNINITIALIZED_AUTOS = YES_AGGRESSIVE;
				GCC_WARN_UNUSED_FUNCTION = YES;
				GCC_WARN_UNUSED_VARIABLE = YES;
				MACOSX_DEPLOYMENT_TARGET = 10.14;
				MTL_ENABLE_DEBUG_INFO = INCLUDE_SOURCE;
				MTL_FAST_MATH = YES;
				ONLY_ACTIVE_ARCH = YES;
				SDKROOT = macosx;
			};
			name = Debug;
		};
		93765F9A21F7693600CC6BA4 /* Release */ = {
			isa = XCBuildConfiguration;
			buildSettings = {
				ALWAYS_SEARCH_USER_PATHS = NO;
				CLANG_ANALYZER_NONNULL = YES;
				CLANG_ANALYZER_NUMBER_OBJECT_CONVERSION = YES_AGGRESSIVE;
				CLANG_CXX_LANGUAGE_STANDARD = "gnu++14";
				CLANG_CXX_LIBRARY = "libc++";
				CLANG_ENABLE_MODULES = YES;
				CLANG_ENABLE_OBJC_ARC = YES;
				CLANG_ENABLE_OBJC_WEAK = YES;
				CLANG_WARN_BLOCK_CAPTURE_AUTORELEASING = YES;
				CLANG_WARN_BOOL_CONVERSION = YES;
				CLANG_WARN_COMMA = YES;
				CLANG_WARN_CONSTANT_CONVERSION = YES;
				CLANG_WARN_DEPRECATED_OBJC_IMPLEMENTATIONS = YES;
				CLANG_WARN_DIRECT_OBJC_ISA_USAGE = YES_ERROR;
				CLANG_WARN_DOCUMENTATION_COMMENTS = YES;
				CLANG_WARN_EMPTY_BODY = YES;
				CLANG_WARN_ENUM_CONVERSION = YES;
				CLANG_WARN_INFINITE_RECURSION = YES;
				CLANG_WARN_INT_CONVERSION = YES;
				CLANG_WARN_NON_LITERAL_NULL_CONVERSION = YES;
				CLANG_WARN_OBJC_IMPLICIT_RETAIN_SELF = YES;
				CLANG_WARN_OBJC_LITERAL_CONVERSION = YES;
				CLANG_WARN_OBJC_ROOT_CLASS = YES_ERROR;
				CLANG_WARN_RANGE_LOOP_ANALYSIS = YES;
				CLANG_WARN_STRICT_PROTOTYPES = YES;
				CLANG_WARN_SUSPICIOUS_MOVE = YES;
				CLANG_WARN_UNGUARDED_AVAILABILITY = YES_AGGRESSIVE;
				CLANG_WARN_UNREACHABLE_CODE = YES;
				CLANG_WARN__DUPLICATE_METHOD_MATCH = YES;
				CODE_SIGN_IDENTITY = "Mac Developer";
				COPY_PHASE_STRIP = NO;
				DEBUG_INFORMATION_FORMAT = "dwarf-with-dsym";
				ENABLE_NS_ASSERTIONS = NO;
				ENABLE_STRICT_OBJC_MSGSEND = YES;
				GCC_C_LANGUAGE_STANDARD = gnu11;
				GCC_NO_COMMON_BLOCKS = YES;
				GCC_WARN_64_TO_32_BIT_CONVERSION = YES;
				GCC_WARN_ABOUT_RETURN_TYPE = YES_ERROR;
				GCC_WARN_UNDECLARED_SELECTOR = YES;
				GCC_WARN_UNINITIALIZED_AUTOS = YES_AGGRESSIVE;
				GCC_WARN_UNUSED_FUNCTION = YES;
				GCC_WARN_UNUSED_VARIABLE = YES;
				MACOSX_DEPLOYMENT_TARGET = 10.14;
				MTL_ENABLE_DEBUG_INFO = NO;
				MTL_FAST_MATH = YES;
				SDKROOT = macosx;
			};
			name = Release;
		};
		93765F9C21F7693600CC6BA4 /* Debug */ = {
			isa = XCBuildConfiguration;
			buildSettings = {
				CLANG_CXX_LANGUAGE_STANDARD = "gnu++14";
				CLANG_ENABLE_MODULES = NO;
				CLANG_WARN_DOCUMENTATION_COMMENTS = NO;
				CODE_SIGN_STYLE = Automatic;
				DEVELOPMENT_TEAM = 9TPDPL7CQS;
				FRAMEWORK_SEARCH_PATHS = "$(PROJECT_DIR)/../";
				HEADER_SEARCH_PATHS = "$(PROJECT_DIR)/Dimension++/glew";
				LIBRARY_SEARCH_PATHS = "";
				PRODUCT_NAME = "$(TARGET_NAME)";
			};
			name = Debug;
		};
		93765F9D21F7693600CC6BA4 /* Release */ = {
			isa = XCBuildConfiguration;
			buildSettings = {
				CLANG_CXX_LANGUAGE_STANDARD = "gnu++14";
				CLANG_ENABLE_MODULES = NO;
				CLANG_WARN_DOCUMENTATION_COMMENTS = NO;
				CODE_SIGN_STYLE = Automatic;
				DEVELOPMENT_TEAM = 9TPDPL7CQS;
				FRAMEWORK_SEARCH_PATHS = "$(PROJECT_DIR)/../";
				HEADER_SEARCH_PATHS = "$(PROJECT_DIR)/Dimension++/glew";
				LIBRARY_SEARCH_PATHS = "";
				PRODUCT_NAME = "$(TARGET_NAME)";
			};
			name = Release;
		};
/* End XCBuildConfiguration section */

/* Begin XCConfigurationList section */
		93765F8F21F7693600CC6BA4 /* Build configuration list for PBXProject "Dimension++" */ = {
			isa = XCConfigurationList;
			buildConfigurations = (
				93765F9921F7693600CC6BA4 /* Debug */,
				93765F9A21F7693600CC6BA4 /* Release */,
			);
			defaultConfigurationIsVisible = 0;
			defaultConfigurationName = Release;
		};
		93765F9B21F7693600CC6BA4 /* Build configuration list for PBXNativeTarget "Dimension++" */ = {
			isa = XCConfigurationList;
			buildConfigurations = (
				93765F9C21F7693600CC6BA4 /* Debug */,
				93765F9D21F7693600CC6BA4 /* Release */,
			);
			defaultConfigurationIsVisible = 0;
			defaultConfigurationName = Release;
		};
/* End XCConfigurationList section */
	};
	rootObject = 93765F8C21F7693600CC6BA4 /* Project object */;
}
